
Microsoft Visual Studio Solution File, Format Version 12.00
# Visual Studio Version 17
VisualStudioVersion = 17.9.34723.18
MinimumVisualStudioVersion = 10.0.40219.1
Project("{FAE04EC0-301F-11D3-BF4B-00C04F79EFBC}") = "virginCalculatorInCsharp", "virginCalculatorInCsharp.csproj", "{5E416C3A-9DD2-4589-AE39-2A26E76B5E97}"
EndProject
Global
	GlobalSection(SolutionConfigurationPlatforms) = preSolution
		Debug|Any CPU = Debug|Any CPU
		Release|Any CPU = Release|Any CPU
	EndGlobalSection
	GlobalSection(ProjectConfigurationPlatforms) = postSolution
		{5E416C3A-9DD2-4589-AE39-2A26E76B5E97}.Debug|Any CPU.ActiveCfg = Debug|Any CPU
		{5E416C3A-9DD2-4589-AE39-2A26E76B5E97}.Debug|Any CPU.Build.0 = Debug|Any CPU
		{5E416C3A-9DD2-4589-AE39-2A26E76B5E97}.Release|Any CPU.ActiveCfg = Release|Any CPU
		{5E416C3A-9DD2-4589-AE39-2A26E76B5E97}.Release|Any CPU.Build.0 = Release|Any CPU
	EndGlobalSection
	GlobalSection(SolutionProperties) = preSolution
		HideSolutionNode = FALSE
	EndGlobalSection
	GlobalSection(ExtensibilityGlobals) = postSolution
		SolutionGuid = {6237E238-48DC-469E-988A-8B82F0F0E150}
	EndGlobalSection
EndGlobal
